
Microsoft Visual Studio Solution File, Format Version 12.00
# Visual Studio Version 17
VisualStudioVersion = 17.4.33205.214
MinimumVisualStudioVersion = 10.0.40219.1
Project("{FAE04EC0-301F-11D3-BF4B-00C04F79EFBC}") = "Col3", "Col3\Col3.csproj", "{A3CBA6E8-EF26-43C0-826B-05B9C264E61B}"
EndProject
Global
	GlobalSection(SolutionConfigurationPlatforms) = preSolution
		Debug|Any CPU = Debug|Any CPU
		Release|Any CPU = Release|Any CPU
	EndGlobalSection
	GlobalSection(ProjectConfigurationPlatforms) = postSolution
		{A3CBA6E8-EF26-43C0-826B-05B9C264E61B}.Debug|Any CPU.ActiveCfg = Debug|Any CPU
		{A3CBA6E8-EF26-43C0-826B-05B9C264E61B}.Debug|Any CPU.Build.0 = Debug|Any CPU
		{A3CBA6E8-EF26-43C0-826B-05B9C264E61B}.Release|Any CPU.ActiveCfg = Release|Any CPU
		{A3CBA6E8-EF26-43C0-826B-05B9C264E61B}.Release|Any CPU.Build.0 = Release|Any CPU
	EndGlobalSection
	GlobalSection(SolutionProperties) = preSolution
		HideSolutionNode = FALSE
	EndGlobalSection
	GlobalSection(ExtensibilityGlobals) = postSolution
		SolutionGuid = {1E87FFAC-5BF9-470F-A154-52FF1B50427D}
	EndGlobalSection
EndGlobal
