
Microsoft Visual Studio Solution File, Format Version 12.00
# Visual Studio Version 17
VisualStudioVersion = 17.4.33205.214
MinimumVisualStudioVersion = 10.0.40219.1
Project("{FAE04EC0-301F-11D3-BF4B-00C04F79EFBC}") = "Col5", "Col5\Col5.csproj", "{A019835A-0315-4970-88F0-E651D301BF4F}"
EndProject
Global
	GlobalSection(SolutionConfigurationPlatforms) = preSolution
		Debug|Any CPU = Debug|Any CPU
		Release|Any CPU = Release|Any CPU
	EndGlobalSection
	GlobalSection(ProjectConfigurationPlatforms) = postSolution
		{A019835A-0315-4970-88F0-E651D301BF4F}.Debug|Any CPU.ActiveCfg = Debug|Any CPU
		{A019835A-0315-4970-88F0-E651D301BF4F}.Debug|Any CPU.Build.0 = Debug|Any CPU
		{A019835A-0315-4970-88F0-E651D301BF4F}.Release|Any CPU.ActiveCfg = Release|Any CPU
		{A019835A-0315-4970-88F0-E651D301BF4F}.Release|Any CPU.Build.0 = Release|Any CPU
	EndGlobalSection
	GlobalSection(SolutionProperties) = preSolution
		HideSolutionNode = FALSE
	EndGlobalSection
	GlobalSection(ExtensibilityGlobals) = postSolution
		SolutionGuid = {3F1B0483-989E-4EB8-A3AC-F6D00BE8EF7E}
	EndGlobalSection
EndGlobal
