
Microsoft Visual Studio Solution File, Format Version 12.00
# Visual Studio Version 17
VisualStudioVersion = 17.4.33205.214
MinimumVisualStudioVersion = 10.0.40219.1
Project("{FAE04EC0-301F-11D3-BF4B-00C04F79EFBC}") = "Collection_ArrayList", "Collection_ArrayList\Collection_ArrayList.csproj", "{C77E0171-B9AA-4CC6-81AA-2778122945B2}"
EndProject
Global
	GlobalSection(SolutionConfigurationPlatforms) = preSolution
		Debug|Any CPU = Debug|Any CPU
		Release|Any CPU = Release|Any CPU
	EndGlobalSection
	GlobalSection(ProjectConfigurationPlatforms) = postSolution
		{C77E0171-B9AA-4CC6-81AA-2778122945B2}.Debug|Any CPU.ActiveCfg = Debug|Any CPU
		{C77E0171-B9AA-4CC6-81AA-2778122945B2}.Debug|Any CPU.Build.0 = Debug|Any CPU
		{C77E0171-B9AA-4CC6-81AA-2778122945B2}.Release|Any CPU.ActiveCfg = Release|Any CPU
		{C77E0171-B9AA-4CC6-81AA-2778122945B2}.Release|Any CPU.Build.0 = Release|Any CPU
	EndGlobalSection
	GlobalSection(SolutionProperties) = preSolution
		HideSolutionNode = FALSE
	EndGlobalSection
	GlobalSection(ExtensibilityGlobals) = postSolution
		SolutionGuid = {EEAF58D6-238E-41A9-A50D-01A0E7817E84}
	EndGlobalSection
EndGlobal
